uuid: af6f2e23-7553-4d83-8772-707d27a3a73f
langcode: en
status: true
dependencies:
  module:
    - ctools
    - mat_social
  theme:
    - mat
id: socialsharebuttonsblock
theme: mat
region: content
weight: -7
provider: null
plugin: social_buttons_block
settings:
  id: social_buttons_block
  label: 'Social share buttons block'
  provider: mat_social
  label_display: '0'
visibility:
  'entity_bundle:node':
    id: 'entity_bundle:node'
    bundles:
      news_article: news_article
    negate: false
    context_mapping:
      node: '@node.node_route_context:node'
